
Microsoft Visual Studio Solution File, Format Version 12.00
# Visual Studio 15
VisualStudioVersion = 15.0.27703.2018
MinimumVisualStudioVersion = 10.0.40219.1
Project("{FAE04EC0-301F-11D3-BF4B-00C04F79EFBC}") = "MyMovies.Android", "MyMovies\MyMovies.Android\MyMovies.Android.csproj", "{DFC8922F-1BE9-4CFE-BF5D-123ED623CC40}"
EndProject
Project("{FAE04EC0-301F-11D3-BF4B-00C04F79EFBC}") = "MyMovies.iOS", "MyMovies\MyMovies.iOS\MyMovies.iOS.csproj", "{293DB0A4-5B65-4411-88C1-71D518C39CBF}"
EndProject
Project("{FAE04EC0-301F-11D3-BF4B-00C04F79EFBC}") = "MyMovies", "MyMovies\MyMovies\MyMovies.csproj", "{ECCDA27C-C388-4C81-B786-D389660B384E}"
EndProject
Global
	GlobalSection(SolutionConfigurationPlatforms) = preSolution
		Ad-Hoc|Any CPU = Ad-Hoc|Any CPU
		Ad-Hoc|iPhone = Ad-Hoc|iPhone
		Ad-Hoc|iPhoneSimulator = Ad-Hoc|iPhoneSimulator
		AppStore|Any CPU = AppStore|Any CPU
		AppStore|iPhone = AppStore|iPhone
		AppStore|iPhoneSimulator = AppStore|iPhoneSimulator
		Debug|Any CPU = Debug|Any CPU
		Debug|iPhone = Debug|iPhone
		Debug|iPhoneSimulator = Debug|iPhoneSimulator
		Release|Any CPU = Release|Any CPU
		Release|iPhone = Release|iPhone
		Release|iPhoneSimulator = Release|iPhoneSimulator
	EndGlobalSection
	GlobalSection(ProjectConfigurationPlatforms) = postSolution
		{DFC8922F-1BE9-4CFE-BF5D-123ED623CC40}.Ad-Hoc|Any CPU.ActiveCfg = Release|Any CPU
		{DFC8922F-1BE9-4CFE-BF5D-123ED623CC40}.Ad-Hoc|Any CPU.Build.0 = Release|Any CPU
		{DFC8922F-1BE9-4CFE-BF5D-123ED623CC40}.Ad-Hoc|Any CPU.Deploy.0 = Release|Any CPU
		{DFC8922F-1BE9-4CFE-BF5D-123ED623CC40}.Ad-Hoc|iPhone.ActiveCfg = Release|Any CPU
		{DFC8922F-1BE9-4CFE-BF5D-123ED623CC40}.Ad-Hoc|iPhone.Build.0 = Release|Any CPU
		{DFC8922F-1BE9-4CFE-BF5D-123ED623CC40}.Ad-Hoc|iPhone.Deploy.0 = Release|Any CPU
		{DFC8922F-1BE9-4CFE-BF5D-123ED623CC40}.Ad-Hoc|iPhoneSimulator.ActiveCfg = Release|Any CPU
		{DFC8922F-1BE9-4CFE-BF5D-123ED623CC40}.Ad-Hoc|iPhoneSimulator.Build.0 = Release|Any CPU
		{DFC8922F-1BE9-4CFE-BF5D-123ED623CC40}.Ad-Hoc|iPhoneSimulator.Deploy.0 = Release|Any CPU
		{DFC8922F-1BE9-4CFE-BF5D-123ED623CC40}.AppStore|Any CPU.ActiveCfg = Release|Any CPU
		{DFC8922F-1BE9-4CFE-BF5D-123ED623CC40}.AppStore|Any CPU.Build.0 = Release|Any CPU
		{DFC8922F-1BE9-4CFE-BF5D-123ED623CC40}.AppStore|Any CPU.Deploy.0 = Release|Any CPU
		{DFC8922F-1BE9-4CFE-BF5D-123ED623CC40}.AppStore|iPhone.ActiveCfg = Release|Any CPU
		{DFC8922F-1BE9-4CFE-BF5D-123ED623CC40}.AppStore|iPhone.Build.0 = Release|Any CPU
		{DFC8922F-1BE9-4CFE-BF5D-123ED623CC40}.AppStore|iPhone.Deploy.0 = Release|Any CPU
		{DFC8922F-1BE9-4CFE-BF5D-123ED623CC40}.AppStore|iPhoneSimulator.ActiveCfg = Release|Any CPU
		{DFC8922F-1BE9-4CFE-BF5D-123ED623CC40}.AppStore|iPhoneSimulator.Build.0 = Release|Any CPU
		{DFC8922F-1BE9-4CFE-BF5D-123ED623CC40}.AppStore|iPhoneSimulator.Deploy.0 = Release|Any CPU
		{DFC8922F-1BE9-4CFE-BF5D-123ED623CC40}.Debug|Any CPU.ActiveCfg = Debug|Any CPU
		{DFC8922F-1BE9-4CFE-BF5D-123ED623CC40}.Debug|Any CPU.Build.0 = Debug|Any CPU
		{DFC8922F-1BE9-4CFE-BF5D-123ED623CC40}.Debug|Any CPU.Deploy.0 = Debug|Any CPU
		{DFC8922F-1BE9-4CFE-BF5D-123ED623CC40}.Debug|iPhone.ActiveCfg = Debug|Any CPU
		{DFC8922F-1BE9-4CFE-BF5D-123ED623CC40}.Debug|iPhone.Build.0 = Debug|Any CPU
		{DFC8922F-1BE9-4CFE-BF5D-123ED623CC40}.Debug|iPhone.Deploy.0 = Debug|Any CPU
		{DFC8922F-1BE9-4CFE-BF5D-123ED623CC40}.Debug|iPhoneSimulator.ActiveCfg = Debug|Any CPU
		{DFC8922F-1BE9-4CFE-BF5D-123ED623CC40}.Debug|iPhoneSimulator.Build.0 = Debug|Any CPU
		{DFC8922F-1BE9-4CFE-BF5D-123ED623CC40}.Debug|iPhoneSimulator.Deploy.0 = Debug|Any CPU
		{DFC8922F-1BE9-4CFE-BF5D-123ED623CC40}.Release|Any CPU.ActiveCfg = Release|Any CPU
		{DFC8922F-1BE9-4CFE-BF5D-123ED623CC40}.Release|Any CPU.Build.0 = Release|Any CPU
		{DFC8922F-1BE9-4CFE-BF5D-123ED623CC40}.Release|Any CPU.Deploy.0 = Release|Any CPU
		{DFC8922F-1BE9-4CFE-BF5D-123ED623CC40}.Release|iPhone.ActiveCfg = Release|Any CPU
		{DFC8922F-1BE9-4CFE-BF5D-123ED623CC40}.Release|iPhone.Build.0 = Release|Any CPU
		{DFC8922F-1BE9-4CFE-BF5D-123ED623CC40}.Release|iPhone.Deploy.0 = Release|Any CPU
		{DFC8922F-1BE9-4CFE-BF5D-123ED623CC40}.Release|iPhoneSimulator.ActiveCfg = Release|Any CPU
		{DFC8922F-1BE9-4CFE-BF5D-123ED623CC40}.Release|iPhoneSimulator.Build.0 = Release|Any CPU
		{DFC8922F-1BE9-4CFE-BF5D-123ED623CC40}.Release|iPhoneSimulator.Deploy.0 = Release|Any CPU
		{293DB0A4-5B65-4411-88C1-71D518C39CBF}.Ad-Hoc|Any CPU.ActiveCfg = Ad-Hoc|iPhone
		{293DB0A4-5B65-4411-88C1-71D518C39CBF}.Ad-Hoc|Any CPU.Build.0 = Ad-Hoc|iPhone
		{293DB0A4-5B65-4411-88C1-71D518C39CBF}.Ad-Hoc|Any CPU.Deploy.0 = Ad-Hoc|iPhone
		{293DB0A4-5B65-4411-88C1-71D518C39CBF}.Ad-Hoc|iPhone.ActiveCfg = Ad-Hoc|iPhone
		{293DB0A4-5B65-4411-88C1-71D518C39CBF}.Ad-Hoc|iPhone.Build.0 = Ad-Hoc|iPhone
		{293DB0A4-5B65-4411-88C1-71D518C39CBF}.Ad-Hoc|iPhone.Deploy.0 = Ad-Hoc|iPhone
		{293DB0A4-5B65-4411-88C1-71D518C39CBF}.Ad-Hoc|iPhoneSimulator.ActiveCfg = Ad-Hoc|iPhoneSimulator
		{293DB0A4-5B65-4411-88C1-71D518C39CBF}.Ad-Hoc|iPhoneSimulator.Build.0 = Ad-Hoc|iPhoneSimulator
		{293DB0A4-5B65-4411-88C1-71D518C39CBF}.Ad-Hoc|iPhoneSimulator.Deploy.0 = Ad-Hoc|iPhoneSimulator
		{293DB0A4-5B65-4411-88C1-71D518C39CBF}.AppStore|Any CPU.ActiveCfg = AppStore|iPhone
		{293DB0A4-5B65-4411-88C1-71D518C39CBF}.AppStore|Any CPU.Build.0 = AppStore|iPhone
		{293DB0A4-5B65-4411-88C1-71D518C39CBF}.AppStore|Any CPU.Deploy.0 = AppStore|iPhone
		{293DB0A4-5B65-4411-88C1-71D518C39CBF}.AppStore|iPhone.ActiveCfg = AppStore|iPhone
		{293DB0A4-5B65-4411-88C1-71D518C39CBF}.AppStore|iPhone.Build.0 = AppStore|iPhone
		{293DB0A4-5B65-4411-88C1-71D518C39CBF}.AppStore|iPhone.Deploy.0 = AppStore|iPhone
		{293DB0A4-5B65-4411-88C1-71D518C39CBF}.AppStore|iPhoneSimulator.ActiveCfg = AppStore|iPhoneSimulator
		{293DB0A4-5B65-4411-88C1-71D518C39CBF}.AppStore|iPhoneSimulator.Build.0 = AppStore|iPhoneSimulator
		{293DB0A4-5B65-4411-88C1-71D518C39CBF}.AppStore|iPhoneSimulator.Deploy.0 = AppStore|iPhoneSimulator
		{293DB0A4-5B65-4411-88C1-71D518C39CBF}.Debug|Any CPU.ActiveCfg = Debug|iPhoneSimulator
		{293DB0A4-5B65-4411-88C1-71D518C39CBF}.Debug|Any CPU.Build.0 = Debug|iPhoneSimulator
		{293DB0A4-5B65-4411-88C1-71D518C39CBF}.Debug|Any CPU.Deploy.0 = Debug|iPhoneSimulator
		{293DB0A4-5B65-4411-88C1-71D518C39CBF}.Debug|iPhone.ActiveCfg = Debug|iPhone
		{293DB0A4-5B65-4411-88C1-71D518C39CBF}.Debug|iPhone.Build.0 = Debug|iPhone
		{293DB0A4-5B65-4411-88C1-71D518C39CBF}.Debug|iPhone.Deploy.0 = Debug|iPhone
		{293DB0A4-5B65-4411-88C1-71D518C39CBF}.Debug|iPhoneSimulator.ActiveCfg = Debug|iPhoneSimulator
		{293DB0A4-5B65-4411-88C1-71D518C39CBF}.Debug|iPhoneSimulator.Build.0 = Debug|iPhoneSimulator
		{293DB0A4-5B65-4411-88C1-71D518C39CBF}.Debug|iPhoneSimulator.Deploy.0 = Debug|iPhoneSimulator
		{293DB0A4-5B65-4411-88C1-71D518C39CBF}.Release|Any CPU.ActiveCfg = Release|iPhone
		{293DB0A4-5B65-4411-88C1-71D518C39CBF}.Release|Any CPU.Build.0 = Release|iPhone
		{293DB0A4-5B65-4411-88C1-71D518C39CBF}.Release|Any CPU.Deploy.0 = Release|iPhone
		{293DB0A4-5B65-4411-88C1-71D518C39CBF}.Release|iPhone.ActiveCfg = Release|iPhone
		{293DB0A4-5B65-4411-88C1-71D518C39CBF}.Release|iPhone.Build.0 = Release|iPhone
		{293DB0A4-5B65-4411-88C1-71D518C39CBF}.Release|iPhone.Deploy.0 = Release|iPhone
		{293DB0A4-5B65-4411-88C1-71D518C39CBF}.Release|iPhoneSimulator.ActiveCfg = Release|iPhoneSimulator
		{293DB0A4-5B65-4411-88C1-71D518C39CBF}.Release|iPhoneSimulator.Build.0 = Release|iPhoneSimulator
		{293DB0A4-5B65-4411-88C1-71D518C39CBF}.Release|iPhoneSimulator.Deploy.0 = Release|iPhoneSimulator
		{ECCDA27C-C388-4C81-B786-D389660B384E}.Ad-Hoc|Any CPU.ActiveCfg = Debug|Any CPU
		{ECCDA27C-C388-4C81-B786-D389660B384E}.Ad-Hoc|Any CPU.Build.0 = Debug|Any CPU
		{ECCDA27C-C388-4C81-B786-D389660B384E}.Ad-Hoc|Any CPU.Deploy.0 = Debug|Any CPU
		{ECCDA27C-C388-4C81-B786-D389660B384E}.Ad-Hoc|iPhone.ActiveCfg = Debug|Any CPU
		{ECCDA27C-C388-4C81-B786-D389660B384E}.Ad-Hoc|iPhone.Build.0 = Debug|Any CPU
		{ECCDA27C-C388-4C81-B786-D389660B384E}.Ad-Hoc|iPhone.Deploy.0 = Debug|Any CPU
		{ECCDA27C-C388-4C81-B786-D389660B384E}.Ad-Hoc|iPhoneSimulator.ActiveCfg = Debug|Any CPU
		{ECCDA27C-C388-4C81-B786-D389660B384E}.Ad-Hoc|iPhoneSimulator.Build.0 = Debug|Any CPU
		{ECCDA27C-C388-4C81-B786-D389660B384E}.Ad-Hoc|iPhoneSimulator.Deploy.0 = Debug|Any CPU
		{ECCDA27C-C388-4C81-B786-D389660B384E}.AppStore|Any CPU.ActiveCfg = Debug|Any CPU
		{ECCDA27C-C388-4C81-B786-D389660B384E}.AppStore|Any CPU.Build.0 = Debug|Any CPU
		{ECCDA27C-C388-4C81-B786-D389660B384E}.AppStore|Any CPU.Deploy.0 = Debug|Any CPU
		{ECCDA27C-C388-4C81-B786-D389660B384E}.AppStore|iPhone.ActiveCfg = Debug|Any CPU
		{ECCDA27C-C388-4C81-B786-D389660B384E}.AppStore|iPhone.Build.0 = Debug|Any CPU
		{ECCDA27C-C388-4C81-B786-D389660B384E}.AppStore|iPhone.Deploy.0 = Debug|Any CPU
		{ECCDA27C-C388-4C81-B786-D389660B384E}.AppStore|iPhoneSimulator.ActiveCfg = Debug|Any CPU
		{ECCDA27C-C388-4C81-B786-D389660B384E}.AppStore|iPhoneSimulator.Build.0 = Debug|Any CPU
		{ECCDA27C-C388-4C81-B786-D389660B384E}.AppStore|iPhoneSimulator.Deploy.0 = Debug|Any CPU
		{ECCDA27C-C388-4C81-B786-D389660B384E}.Debug|Any CPU.ActiveCfg = Debug|Any CPU
		{ECCDA27C-C388-4C81-B786-D389660B384E}.Debug|Any CPU.Build.0 = Debug|Any CPU
		{ECCDA27C-C388-4C81-B786-D389660B384E}.Debug|Any CPU.Deploy.0 = Debug|Any CPU
		{ECCDA27C-C388-4C81-B786-D389660B384E}.Debug|iPhone.ActiveCfg = Debug|Any CPU
		{ECCDA27C-C388-4C81-B786-D389660B384E}.Debug|iPhone.Build.0 = Debug|Any CPU
		{ECCDA27C-C388-4C81-B786-D389660B384E}.Debug|iPhone.Deploy.0 = Debug|Any CPU
		{ECCDA27C-C388-4C81-B786-D389660B384E}.Debug|iPhoneSimulator.ActiveCfg = Debug|Any CPU
		{ECCDA27C-C388-4C81-B786-D389660B384E}.Debug|iPhoneSimulator.Build.0 = Debug|Any CPU
		{ECCDA27C-C388-4C81-B786-D389660B384E}.Debug|iPhoneSimulator.Deploy.0 = Debug|Any CPU
		{ECCDA27C-C388-4C81-B786-D389660B384E}.Release|Any CPU.ActiveCfg = Release|Any CPU
		{ECCDA27C-C388-4C81-B786-D389660B384E}.Release|Any CPU.Build.0 = Release|Any CPU
		{ECCDA27C-C388-4C81-B786-D389660B384E}.Release|Any CPU.Deploy.0 = Release|Any CPU
		{ECCDA27C-C388-4C81-B786-D389660B384E}.Release|iPhone.ActiveCfg = Release|Any CPU
		{ECCDA27C-C388-4C81-B786-D389660B384E}.Release|iPhone.Build.0 = Release|Any CPU
		{ECCDA27C-C388-4C81-B786-D389660B384E}.Release|iPhone.Deploy.0 = Release|Any CPU
		{ECCDA27C-C388-4C81-B786-D389660B384E}.Release|iPhoneSimulator.ActiveCfg = Release|Any CPU
		{ECCDA27C-C388-4C81-B786-D389660B384E}.Release|iPhoneSimulator.Build.0 = Release|Any CPU
		{ECCDA27C-C388-4C81-B786-D389660B384E}.Release|iPhoneSimulator.Deploy.0 = Release|Any CPU
	EndGlobalSection
	GlobalSection(SolutionProperties) = preSolution
		HideSolutionNode = FALSE
	EndGlobalSection
	GlobalSection(ExtensibilityGlobals) = postSolution
		SolutionGuid = {8795A15E-1A2D-406F-AB19-C809AA3D2158}
	EndGlobalSection
EndGlobal
